
Microsoft Visual Studio Solution File, Format Version 12.00
# Visual Studio Version 17
VisualStudioVersion = 17.4.32804.182
MinimumVisualStudioVersion = 10.0.40219.1
Project("{FAE04EC0-301F-11D3-BF4B-00C04F79EFBC}") = "CleanerTest", "CleanerTest.csproj", "{D5B81A16-8CDA-4C3D-90AD-464BCEC7B072}"
EndProject
Global
	GlobalSection(SolutionConfigurationPlatforms) = preSolution
		Debug|Any CPU = Debug|Any CPU
		Release|Any CPU = Release|Any CPU
	EndGlobalSection
	GlobalSection(ProjectConfigurationPlatforms) = postSolution
		{D5B81A16-8CDA-4C3D-90AD-464BCEC7B072}.Debug|Any CPU.ActiveCfg = Debug|Any CPU
		{D5B81A16-8CDA-4C3D-90AD-464BCEC7B072}.Debug|Any CPU.Build.0 = Debug|Any CPU
		{D5B81A16-8CDA-4C3D-90AD-464BCEC7B072}.Release|Any CPU.ActiveCfg = Release|Any CPU
		{D5B81A16-8CDA-4C3D-90AD-464BCEC7B072}.Release|Any CPU.Build.0 = Release|Any CPU
	EndGlobalSection
	GlobalSection(SolutionProperties) = preSolution
		HideSolutionNode = FALSE
	EndGlobalSection
	GlobalSection(ExtensibilityGlobals) = postSolution
		SolutionGuid = {6DB9B3F8-DE31-475F-9F34-9F9BC42EBBC8}
	EndGlobalSection
EndGlobal
